{
  "object": {
    "pins": [
      {
        "package": "SnapshotTesting",
        "repositoryURL": "https://github.com/pointfreeco/swift-snapshot-testing.git",
        "state": {
          "branch": null,
          "revision": "f8a9c997c3c1dab4e216a8ec9014e23144cbab37",
          "version": "1.9.0"
        }
      },
      {
        "package": "WebRTC",
        "repositoryURL": "https://github.com/pexip/webrtc-ios-builds",
        "state": {
          "branch": null,
          "revision": "ac1824faab2848264e78271a297763c8e59c40af",
          "version": "96.0.4664"
        }
      }
    ]
  },
  "version": 1
}
