{
  "pins" : [
    {
      "identity" : "swift-snapshot-testing",
      "kind" : "remoteSourceControl",
      "location" : "https://github.com/pointfreeco/swift-snapshot-testing.git",
      "state" : {
        "revision" : "f8a9c997c3c1dab4e216a8ec9014e23144cbab37",
        "version" : "1.9.0"
      }
    },
    {
      "identity" : "webrtc-ios-builds",
      "kind" : "remoteSourceControl",
      "location" : "https://github.com/pexip/webrtc-ios-builds",
      "state" : {
        "revision" : "8a7c849ba966981941a04082cf97ec5b8cc0521a",
        "version" : "105.0.0"
      }
    }
  ],
  "version" : 2
}
