{
  "pins" : [
    {
      "identity" : "webrtc-ios-builds",
      "kind" : "remoteSourceControl",
      "location" : "https://github.com/pexip/webrtc-ios-builds",
      "state" : {
        "revision" : "ac1824faab2848264e78271a297763c8e59c40af",
        "version" : "96.0.4664"
      }
    }
  ],
  "version" : 2
}
