{
  "pins" : [
    {
      "identity" : "pexip-swift-sdk",
      "kind" : "remoteSourceControl",
      "location" : "https://github.com/pexip/pexip-swift-sdk",
      "state" : {
        "revision" : "263e34714269dfaf38451f433f148c5a8d05bceb",
        "version" : "0.3.0"
      }
    }
  ],
  "version" : 2
}
