{
  "pins" : [
    {
      "identity" : "pexip-swift-sdk",
      "kind" : "remoteSourceControl",
      "location" : "https://github.com/pexip/pexip-swift-sdk",
      "state" : {
        "revision" : "85f786cba3e772172a3cb437541c1294ae7bbf1d",
        "version" : "0.2.0"
      }
    }
  ],
  "version" : 2
}
