PODS:
  - PexipConference (0.3.0):
    - PexipInfinityClient (= 0.3.0)
    - PexipMedia (= 0.3.0)
  - PexipInfinityClient (0.3.0):
    - PexipUtils (= 0.3.0)
  - PexipMedia (0.3.0)
  - PexipRTC (0.3.0):
    - PexipMedia (= 0.3.0)
    - PexipUtils (= 0.3.0)
    - WebRTC (= 96.0.4664)
  - PexipUtils (0.3.0)
  - WebRTC (96.0.4664)

DEPENDENCIES:
  - PexipConference
  - PexipRTC

SPEC REPOS:
  https://github.com/pexip/pexip-pod-specs.git:
    - PexipConference
    - PexipInfinityClient
    - PexipMedia
    - PexipRTC
    - PexipUtils
    - WebRTC

SPEC CHECKSUMS:
  PexipConference: db12eaf5b32bb597505d8796ca408908f60d8430
  PexipInfinityClient: ab79e0f8762d22fcf996bfd974c0d5a247b666da
  PexipMedia: c7cf392593ad8b132cc09cd80aec640b07777ddc
  PexipRTC: 228810a0f1a63c40b67ef37c6ea248a6d1a95900
  PexipUtils: 9fc3bc01588f0114d3ab7fd23554e8487c534ed7
  WebRTC: 0645c1f1d152945644a9fcc354d128b1bada600d

PODFILE CHECKSUM: db0378f34d11d214a22f96948b53aa2a91f08b4a

COCOAPODS: 1.11.3
