PODS:
  - PexipCore (0.6.0)
  - PexipInfinityClient (0.6.0):
    - PexipCore (= 0.6.0)
  - PexipMedia (0.6.0):
    - PexipCore (= 0.6.0)
    - PexipScreenCapture (= 0.6.0)
  - PexipRTC (0.6.0):
    - PexipCore (= 0.6.0)
    - PexipMedia (= 0.6.0)
    - WebRTCObjc (= 105.0.0)
  - PexipScreenCapture (0.6.0)
  - PexipVideoFilters (0.6.0):
    - PexipCore (= 0.6.0)
  - WebRTCObjc (105.0.0)

DEPENDENCIES:
  - PexipCore (from `../../`)
  - PexipInfinityClient (from `../../`)
  - PexipMedia (from `../../`)
  - PexipRTC (from `../../`)
  - PexipScreenCapture (from `../../`)
  - PexipVideoFilters (from `../../`)

SPEC REPOS:
  https://github.com/CocoaPods/Specs.git:
    - WebRTCObjc

EXTERNAL SOURCES:
  PexipCore:
    :path: "../../"
  PexipInfinityClient:
    :path: "../../"
  PexipMedia:
    :path: "../../"
  PexipRTC:
    :path: "../../"
  PexipScreenCapture:
    :path: "../../"
  PexipVideoFilters:
    :path: "../../"

SPEC CHECKSUMS:
  PexipCore: 377536199083547c191fff241655f68d374e2366
  PexipInfinityClient: 4cfe592fd7f2db9d285daaf3a83872e07baccbc6
  PexipMedia: 518256b706e540ba040f9d8032f052d18bd1e014
  PexipRTC: 8dd43160a90c7845df14c15b1b8f3724def3fca1
  PexipScreenCapture: f5220a9041844f80f87c00329141ffd1ff24395b
  PexipVideoFilters: a12c29b7fa7b1f43e52deff842ec0f4cf933dad8
  WebRTCObjc: eafbb6955adb16faa7d369ff308796caf854abf3

PODFILE CHECKSUM: 70db7e1889530e59f0200dce42f591b23924d621

COCOAPODS: 1.11.3
