PODS:
  - PexipConference (0.1.0):
    - PexipInfinityClient (= 0.1.0)
    - PexipMedia (= 0.1.0)
  - PexipInfinityClient (0.1.0):
    - PexipUtils (= 0.1.0)
  - PexipMedia (0.1.0)
  - PexipRTC (0.1.0):
    - PexipMedia (= 0.1.0)
    - PexipUtils (= 0.1.0)
    - WebRTC (= 96.0.4664)
  - PexipUtils (0.1.0)
  - WebRTC (96.0.4664)

DEPENDENCIES:
  - PexipConference (from `../../PexipConference.podspec`)
  - PexipInfinityClient (from `../../PexipInfinityClient.podspec`)
  - PexipMedia (from `../../PexipMedia.podspec`)
  - PexipRTC (from `../../PexipRTC.podspec`)
  - PexipUtils (from `../../PexipUtils.podspec`)
  - WebRTC (from `../../WebRTC.podspec`)

EXTERNAL SOURCES:
  PexipConference:
    :podspec: "../../PexipConference.podspec"
  PexipInfinityClient:
    :podspec: "../../PexipInfinityClient.podspec"
  PexipMedia:
    :podspec: "../../PexipMedia.podspec"
  PexipRTC:
    :podspec: "../../PexipRTC.podspec"
  PexipUtils:
    :podspec: "../../PexipUtils.podspec"
  WebRTC:
    :podspec: "../../WebRTC.podspec"

CHECKOUT OPTIONS:
  PexipConference:
    :commit: 734e38070a9a51dca9363e013adc32485b5e1207
    :git: "git@github.com:pexip/pexip-swift-sdk.git"
  PexipInfinityClient:
    :commit: 734e38070a9a51dca9363e013adc32485b5e1207
    :git: "git@github.com:pexip/pexip-swift-sdk.git"
  PexipMedia:
    :commit: 734e38070a9a51dca9363e013adc32485b5e1207
    :git: "git@github.com:pexip/pexip-swift-sdk.git"
  PexipRTC:
    :commit: 734e38070a9a51dca9363e013adc32485b5e1207
    :git: "git@github.com:pexip/pexip-swift-sdk.git"
  PexipUtils:
    :commit: 734e38070a9a51dca9363e013adc32485b5e1207
    :git: "git@github.com:pexip/pexip-swift-sdk.git"
  WebRTC:
    :commit: 734e38070a9a51dca9363e013adc32485b5e1207
    :git: "git@github.com:pexip/pexip-swift-sdk.git"

SPEC CHECKSUMS:
  PexipConference: 2bac41e4363484e0e8800f031f5116916a51463b
  PexipInfinityClient: 6044b1a166b295b4fea8a92531adbc8f2257711b
  PexipMedia: a0e4fedf5a77b163ac301782c82be16d0fa4861d
  PexipRTC: cac7b4589fe49207c99fd8d66ffbb548b9ab7c9d
  PexipUtils: 5c9a8f233eba5d24af8ed33cfd155465422e4d69
  WebRTC: a05573a5f05af15b21dfaeb73d94e185c5283935

PODFILE CHECKSUM: 77e8bf7665cef51fac5519980a4ec1608b8ba6e3

COCOAPODS: 1.11.3
