{
  "pins" : [
    {
      "identity" : "keychainaccess",
      "kind" : "remoteSourceControl",
      "location" : "https://github.com/kishikawakatsumi/KeychainAccess",
      "state" : {
        "revision" : "84e546727d66f1adc5439debad16270d0fdd04e7",
        "version" : "4.2.2"
      }
    },
    {
      "identity" : "webrtc-ios-builds",
      "kind" : "remoteSourceControl",
      "location" : "https://github.com/pexip/webrtc-ios-builds",
      "state" : {
        "revision" : "4db0d9fd22698046fe8a7d2c50c858540d258484",
        "version" : "108.0.5359"
      }
    }
  ],
  "version" : 2
}
