{
  "pins" : [
    {
      "identity" : "keychainaccess",
      "kind" : "remoteSourceControl",
      "location" : "https://github.com/kishikawakatsumi/KeychainAccess",
      "state" : {
        "revision" : "84e546727d66f1adc5439debad16270d0fdd04e7",
        "version" : "4.2.2"
      }
    },
    {
      "identity" : "swift-snapshot-testing",
      "kind" : "remoteSourceControl",
      "location" : "https://github.com/pointfreeco/swift-snapshot-testing.git",
      "state" : {
        "revision" : "cef5b3f6f11781dd4591bdd1dd0a3d22bd609334",
        "version" : "1.11.0"
      }
    },
    {
      "identity" : "webrtc-objc",
      "kind" : "remoteSourceControl",
      "location" : "https://github.com/pexip/webrtc-objc",
      "state" : {
        "revision" : "8be81671be179bb54a6e0348cb9e921b97cf364b",
        "version" : "115.0.5790"
      }
    }
  ],
  "version" : 2
}
